
Microsoft Visual Studio Solution File, Format Version 12.00
# Visual Studio Version 16
VisualStudioVersion = 16.0.29519.87
MinimumVisualStudioVersion = 10.0.40219.1
Project("{9A19103F-16F7-4668-BE54-9A1E7A4F7556}") = "SampleASPCore", "SampleASPCore.csproj", "{0CB1954E-FA4C-4A85-8EDA-03B2A11B6055}"
EndProject
Global
	GlobalSection(SolutionConfigurationPlatforms) = preSolution
		Debug|Any CPU = Debug|Any CPU
		Release|Any CPU = Release|Any CPU
	EndGlobalSection
	GlobalSection(ProjectConfigurationPlatforms) = postSolution
		{0CB1954E-FA4C-4A85-8EDA-03B2A11B6055}.Debug|Any CPU.ActiveCfg = Debug|Any CPU
		{0CB1954E-FA4C-4A85-8EDA-03B2A11B6055}.Debug|Any CPU.Build.0 = Debug|Any CPU
		{0CB1954E-FA4C-4A85-8EDA-03B2A11B6055}.Release|Any CPU.ActiveCfg = Release|Any CPU
		{0CB1954E-FA4C-4A85-8EDA-03B2A11B6055}.Release|Any CPU.Build.0 = Release|Any CPU
	EndGlobalSection
	GlobalSection(SolutionProperties) = preSolution
		HideSolutionNode = FALSE
	EndGlobalSection
	GlobalSection(ExtensibilityGlobals) = postSolution
		SolutionGuid = {05BB7D22-7D05-42E8-8AE3-E9FE9B444112}
	EndGlobalSection
EndGlobal
